
Microsoft Visual Studio Solution File, Format Version 12.00
Project("{FAE04EC0-301F-11D3-BF4B-00C04F79EFBC}") = "Countdown", "Countdown.csproj", "{F64706DF-8C49-409B-A67E-75BA4B84CBD6}"
EndProject
Global
	GlobalSection(SolutionConfigurationPlatforms) = preSolution
		Debug|Any CPU = Debug|Any CPU
		Release|Any CPU = Release|Any CPU
	EndGlobalSection
	GlobalSection(ProjectConfigurationPlatforms) = postSolution
		{F64706DF-8C49-409B-A67E-75BA4B84CBD6}.Debug|Any CPU.ActiveCfg = Debug|Any CPU
		{F64706DF-8C49-409B-A67E-75BA4B84CBD6}.Debug|Any CPU.Build.0 = Debug|Any CPU
		{F64706DF-8C49-409B-A67E-75BA4B84CBD6}.Release|Any CPU.ActiveCfg = Release|Any CPU
		{F64706DF-8C49-409B-A67E-75BA4B84CBD6}.Release|Any CPU.Build.0 = Release|Any CPU
	EndGlobalSection
EndGlobal
