
Microsoft Visual Studio Solution File, Format Version 12.00
Project("{FAE04EC0-301F-11D3-BF4B-00C04F79EFBC}") = "TakingNumber", "TakingNumber.csproj", "{2CD0CD4D-B008-42E1-A349-E00154D0514E}"
EndProject
Global
	GlobalSection(SolutionConfigurationPlatforms) = preSolution
		Debug|Any CPU = Debug|Any CPU
		Release|Any CPU = Release|Any CPU
	EndGlobalSection
	GlobalSection(ProjectConfigurationPlatforms) = postSolution
		{2CD0CD4D-B008-42E1-A349-E00154D0514E}.Debug|Any CPU.ActiveCfg = Debug|Any CPU
		{2CD0CD4D-B008-42E1-A349-E00154D0514E}.Debug|Any CPU.Build.0 = Debug|Any CPU
		{2CD0CD4D-B008-42E1-A349-E00154D0514E}.Release|Any CPU.ActiveCfg = Release|Any CPU
		{2CD0CD4D-B008-42E1-A349-E00154D0514E}.Release|Any CPU.Build.0 = Release|Any CPU
	EndGlobalSection
EndGlobal
