
Microsoft Visual Studio Solution File, Format Version 12.00
Project("{FAE04EC0-301F-11D3-BF4B-00C04F79EFBC}") = "BuyingInventory", "BuyingInventory.csproj", "{00506DEE-A9F9-44A9-A846-2E5C51B499EA}"
EndProject
Global
	GlobalSection(SolutionConfigurationPlatforms) = preSolution
		Debug|Any CPU = Debug|Any CPU
		Release|Any CPU = Release|Any CPU
	EndGlobalSection
	GlobalSection(ProjectConfigurationPlatforms) = postSolution
		{00506DEE-A9F9-44A9-A846-2E5C51B499EA}.Debug|Any CPU.ActiveCfg = Debug|Any CPU
		{00506DEE-A9F9-44A9-A846-2E5C51B499EA}.Debug|Any CPU.Build.0 = Debug|Any CPU
		{00506DEE-A9F9-44A9-A846-2E5C51B499EA}.Release|Any CPU.ActiveCfg = Release|Any CPU
		{00506DEE-A9F9-44A9-A846-2E5C51B499EA}.Release|Any CPU.Build.0 = Release|Any CPU
	EndGlobalSection
EndGlobal
