
Microsoft Visual Studio Solution File, Format Version 12.00
Project("{FAE04EC0-301F-11D3-BF4B-00C04F79EFBC}") = "ThingNamer3000", "ThingNamer3000.csproj", "{134F5247-39C7-424B-ACF6-0F6FDC1979CD}"
EndProject
Global
	GlobalSection(SolutionConfigurationPlatforms) = preSolution
		Debug|Any CPU = Debug|Any CPU
		Release|Any CPU = Release|Any CPU
	EndGlobalSection
	GlobalSection(ProjectConfigurationPlatforms) = postSolution
		{134F5247-39C7-424B-ACF6-0F6FDC1979CD}.Debug|Any CPU.ActiveCfg = Debug|Any CPU
		{134F5247-39C7-424B-ACF6-0F6FDC1979CD}.Debug|Any CPU.Build.0 = Debug|Any CPU
		{134F5247-39C7-424B-ACF6-0F6FDC1979CD}.Release|Any CPU.ActiveCfg = Release|Any CPU
		{134F5247-39C7-424B-ACF6-0F6FDC1979CD}.Release|Any CPU.Build.0 = Release|Any CPU
	EndGlobalSection
EndGlobal
