
Microsoft Visual Studio Solution File, Format Version 12.00
Project("{FAE04EC0-301F-11D3-BF4B-00C04F79EFBC}") = "VariableShop", "VariableShop.csproj", "{55826AFD-D26D-41EA-9266-A7213C5FDFED}"
EndProject
Global
	GlobalSection(SolutionConfigurationPlatforms) = preSolution
		Debug|Any CPU = Debug|Any CPU
		Release|Any CPU = Release|Any CPU
	EndGlobalSection
	GlobalSection(ProjectConfigurationPlatforms) = postSolution
		{55826AFD-D26D-41EA-9266-A7213C5FDFED}.Debug|Any CPU.ActiveCfg = Debug|Any CPU
		{55826AFD-D26D-41EA-9266-A7213C5FDFED}.Debug|Any CPU.Build.0 = Debug|Any CPU
		{55826AFD-D26D-41EA-9266-A7213C5FDFED}.Release|Any CPU.ActiveCfg = Release|Any CPU
		{55826AFD-D26D-41EA-9266-A7213C5FDFED}.Release|Any CPU.Build.0 = Release|Any CPU
	EndGlobalSection
EndGlobal
